
Microsoft Visual Studio Solution File, Format Version 12.00
# Visual Studio Version 17
VisualStudioVersion = 17.1.31903.286
MinimumVisualStudioVersion = 10.0.40219.1
Project("{9A19103F-16F7-4668-BE54-9A1E7A4F7556}") = "Tests", "Tests\Tests.csproj", "{7B49917B-59D0-4635-8952-F40A52CD2BE5}"
EndProject
Project("{FAE04EC0-301F-11D3-BF4B-00C04F79EFBC}") = "Core", "Core\Core.csproj", "{387821F4-4DDD-4CDC-AD1D-DB91CC3F3746}"
EndProject
Global
	GlobalSection(SolutionConfigurationPlatforms) = preSolution
		Debug|Any CPU = Debug|Any CPU
		Release|Any CPU = Release|Any CPU
	EndGlobalSection
	GlobalSection(ProjectConfigurationPlatforms) = postSolution
		{7B49917B-59D0-4635-8952-F40A52CD2BE5}.Debug|Any CPU.ActiveCfg = Debug|Any CPU
		{7B49917B-59D0-4635-8952-F40A52CD2BE5}.Debug|Any CPU.Build.0 = Debug|Any CPU
		{7B49917B-59D0-4635-8952-F40A52CD2BE5}.Release|Any CPU.ActiveCfg = Release|Any CPU
		{7B49917B-59D0-4635-8952-F40A52CD2BE5}.Release|Any CPU.Build.0 = Release|Any CPU
		{387821F4-4DDD-4CDC-AD1D-DB91CC3F3746}.Debug|Any CPU.ActiveCfg = Debug|Any CPU
		{387821F4-4DDD-4CDC-AD1D-DB91CC3F3746}.Debug|Any CPU.Build.0 = Debug|Any CPU
		{387821F4-4DDD-4CDC-AD1D-DB91CC3F3746}.Release|Any CPU.ActiveCfg = Release|Any CPU
		{387821F4-4DDD-4CDC-AD1D-DB91CC3F3746}.Release|Any CPU.Build.0 = Release|Any CPU
	EndGlobalSection
	GlobalSection(SolutionProperties) = preSolution
		HideSolutionNode = FALSE
	EndGlobalSection
	GlobalSection(ExtensibilityGlobals) = postSolution
		SolutionGuid = {5A525AEC-8DF2-4C45-9A5D-E95E3A69725E}
	EndGlobalSection
EndGlobal
